
Microsoft Visual Studio Solution File, Format Version 12.00
# Visual Studio Version 16
VisualStudioVersion = 16.0.32802.440
MinimumVisualStudioVersion = 10.0.40219.1
Project("{2150E333-8FDC-42A3-9474-1A3956D46DE8}") = "CleanArch.Application", "CleanArch.Application", "{B31201DD-86E0-4A9C-92E5-B9C6D6B6F283}"
EndProject
Project("{2150E333-8FDC-42A3-9474-1A3956D46DE8}") = "CleanArch.Domain", "CleanArch.Domain", "{97326ECE-1080-4C71-8D41-CE85B68D1D32}"
EndProject
Project("{2150E333-8FDC-42A3-9474-1A3956D46DE8}") = "CleanArch.Infra.IoC", "CleanArch.Infra.IoC", "{9593E5C9-B50D-488B-A351-F9779AC0A56F}"
EndProject
Project("{2150E333-8FDC-42A3-9474-1A3956D46DE8}") = "CleanArch.Infra.Data", "CleanArch.Infra.Data", "{03578A8D-541F-418F-B45B-89F7BFCF3B2C}"
EndProject
Project("{2150E333-8FDC-42A3-9474-1A3956D46DE8}") = "CleanArch.UI.Mvc", "CleanArch.UI.Mvc", "{A3B45018-0571-41D5-A091-48352B79D9EF}"
EndProject
Project("{FAE04EC0-301F-11D3-BF4B-00C04F79EFBC}") = "ClearArch.Mvc", "ClearArch.Mvc\ClearArch.Mvc.csproj", "{190951A6-BA4D-4738-8A27-898F5BFD48A7}"
EndProject
Global
	GlobalSection(SolutionConfigurationPlatforms) = preSolution
		Debug|Any CPU = Debug|Any CPU
		Release|Any CPU = Release|Any CPU
	EndGlobalSection
	GlobalSection(ProjectConfigurationPlatforms) = postSolution
		{190951A6-BA4D-4738-8A27-898F5BFD48A7}.Debug|Any CPU.ActiveCfg = Debug|Any CPU
		{190951A6-BA4D-4738-8A27-898F5BFD48A7}.Debug|Any CPU.Build.0 = Debug|Any CPU
		{190951A6-BA4D-4738-8A27-898F5BFD48A7}.Release|Any CPU.ActiveCfg = Release|Any CPU
		{190951A6-BA4D-4738-8A27-898F5BFD48A7}.Release|Any CPU.Build.0 = Release|Any CPU
	EndGlobalSection
	GlobalSection(SolutionProperties) = preSolution
		HideSolutionNode = FALSE
	EndGlobalSection
	GlobalSection(NestedProjects) = preSolution
		{190951A6-BA4D-4738-8A27-898F5BFD48A7} = {A3B45018-0571-41D5-A091-48352B79D9EF}
	EndGlobalSection
	GlobalSection(ExtensibilityGlobals) = postSolution
		SolutionGuid = {F6C96EDF-BFC5-411B-89D0-03E19EAE7414}
	EndGlobalSection
EndGlobal
